{
  "name": "canvastools",
  "version": "1.0.0",
  "lockfileVersion": 1,
  "requires": true,
  "dependencies": {
    "@types/mina": {
      "version": "0.4.0",
      "resolved": "https://registry.npmjs.org/@types/mina/-/mina-0.4.0.tgz",
      "integrity": "sha512-XZxCRyOmzwgq8j8Zsr4iPZMSf8cw6cyLCGVmP+ktkY+qjplarSTL2JC4YkLfJESjK/JsMJcJugDSTHdPhFVS0A==",
      "dev": true
    },
    "@types/snapsvg": {
      "version": "0.4.32",
      "resolved": "https://registry.npmjs.org/@types/snapsvg/-/snapsvg-0.4.32.tgz",
      "integrity": "sha512-DyCbJ3/dWOrC0RqFLr3qws7D17yQgnvvO1HwnoXI/sIwt4sg+LsBfD4e/0XLOHNiuz0/b93qRMMDXv0wS6vjZQ==",
      "dev": true,
      "requires": {
        "@types/mina": "0.4.0"
      }
    },
    "bower": {
      "version": "1.8.4",
      "resolved": "https://registry.npmjs.org/bower/-/bower-1.8.4.tgz",
      "integrity": "sha1-54dqB23rgTf30GUl3F6MZtuC8oo="
    }
  }
}
